
Microsoft Visual Studio Solution File, Format Version 12.00
# Visual Studio Version 16
VisualStudioVersion = 16.0.31313.79
MinimumVisualStudioVersion = 10.0.40219.1
Project("{FAE04EC0-301F-11D3-BF4B-00C04F79EFBC}") = "HW7.2", "HW7.2.csproj", "{7EEDF57F-2A02-4151-98B0-BA17C793AAA3}"
EndProject
Global
	GlobalSection(SolutionConfigurationPlatforms) = preSolution
		Debug|Any CPU = Debug|Any CPU
		Release|Any CPU = Release|Any CPU
	EndGlobalSection
	GlobalSection(ProjectConfigurationPlatforms) = postSolution
		{7EEDF57F-2A02-4151-98B0-BA17C793AAA3}.Debug|Any CPU.ActiveCfg = Debug|Any CPU
		{7EEDF57F-2A02-4151-98B0-BA17C793AAA3}.Debug|Any CPU.Build.0 = Debug|Any CPU
		{7EEDF57F-2A02-4151-98B0-BA17C793AAA3}.Release|Any CPU.ActiveCfg = Release|Any CPU
		{7EEDF57F-2A02-4151-98B0-BA17C793AAA3}.Release|Any CPU.Build.0 = Release|Any CPU
	EndGlobalSection
	GlobalSection(SolutionProperties) = preSolution
		HideSolutionNode = FALSE
	EndGlobalSection
	GlobalSection(ExtensibilityGlobals) = postSolution
		SolutionGuid = {BB64A116-6C3A-47C8-96C0-B711164F7888}
	EndGlobalSection
EndGlobal
